dependencies:
- name: livy
  repository: file://../livy
  version: 2.0.1
- name: spark-history-server
  repository: ""
  version: 1.4.3
- name: jupyterhub
  repository: https://jupyterhub.github.io/helm-chart
  version: 0.9.1
digest: sha256:0349d29a12439aacb001ad5bac2a5e9ff5d302fbbe381ea7b7ae70b383646f1f
generated: "2021-06-23T11:32:52.239077+08:00"
